// !$*UTF8*$!
{
	archiveVersion = 1;
	classes = {
	};
	objectVersion = 55;
	objects = {

/* Begin PBXBuildFile section */
		795CCA406C9C272670F36A06 /* Pods_ChillGram.framework in Frameworks */ = {isa = PBXBuildFile; fileRef = C08A1A77CB85B97FF036B3DE /* Pods_ChillGram.framework */; };
		A33041E527596C0D00C33A81 /* CGFeedPostsTableViewCell.swift in Sources */ = {isa = PBXBuildFile; fileRef = A33041E427596C0D00C33A81 /* CGFeedPostsTableViewCell.swift */; };
		A33041E827596EFA00C33A81 /* CGFeedPostHeaderTableViewCell.swift in Sources */ = {isa = PBXBuildFile; fileRef = A33041E727596EFA00C33A81 /* CGFeedPostHeaderTableViewCell.swift */; };
		A33041EA27596F1500C33A81 /* CGFeedPostActionsTableViewCell.swift in Sources */ = {isa = PBXBuildFile; fileRef = A33041E927596F1500C33A81 /* CGFeedPostActionsTableViewCell.swift */; };
		A33041EC27596F3100C33A81 /* CGFeedPostGeneralTableViewCell.swift in Sources */ = {isa = PBXBuildFile; fileRef = A33041EB27596F3100C33A81 /* CGFeedPostGeneralTableViewCell.swift */; };
		A35DDB6D275FF66F004F4B38 /* PhotosCollectionViewCell.swift in Sources */ = {isa = PBXBuildFile; fileRef = A35DDB6C275FF66F004F4B38 /* PhotosCollectionViewCell.swift */; };
		A35DDB6F275FF6CD004F4B38 /* ProfileInfoHeader2CollectionReusableView.swift in Sources */ = {isa = PBXBuildFile; fileRef = A35DDB6E275FF6CD004F4B38 /* ProfileInfoHeader2CollectionReusableView.swift */; };
		A35DDB71275FF718004F4B38 /* ProfileTabsCollectionReusableView.swift in Sources */ = {isa = PBXBuildFile; fileRef = A35DDB70275FF718004F4B38 /* ProfileTabsCollectionReusableView.swift */; };
		A35DDB7327617A05004F4B38 /* Models.swift in Sources */ = {isa = PBXBuildFile; fileRef = A35DDB7227617A05004F4B38 /* Models.swift */; };
		A3723A842751413C001955F8 /* AppDelegate.swift in Sources */ = {isa = PBXBuildFile; fileRef = A3723A832751413C001955F8 /* AppDelegate.swift */; };
		A3723A862751413C001955F8 /* SceneDelegate.swift in Sources */ = {isa = PBXBuildFile; fileRef = A3723A852751413C001955F8 /* SceneDelegate.swift */; };
		A3723A882751413C001955F8 /* HomeViewController.swift in Sources */ = {isa = PBXBuildFile; fileRef = A3723A872751413C001955F8 /* HomeViewController.swift */; };
		A3723A8B2751413C001955F8 /* Main.storyboard in Resources */ = {isa = PBXBuildFile; fileRef = A3723A892751413C001955F8 /* Main.storyboard */; };
		A3723A8D2751413E001955F8 /* Assets.xcassets in Resources */ = {isa = PBXBuildFile; fileRef = A3723A8C2751413E001955F8 /* Assets.xcassets */; };
		A3723A902751413E001955F8 /* LaunchScreen.storyboard in Resources */ = {isa = PBXBuildFile; fileRef = A3723A8E2751413E001955F8 /* LaunchScreen.storyboard */; };
		A3723A9F27514C21001955F8 /* ExploreViewController.swift in Sources */ = {isa = PBXBuildFile; fileRef = A3723A9E27514C21001955F8 /* ExploreViewController.swift */; };
		A3723AA127514C32001955F8 /* CameraViewController.swift in Sources */ = {isa = PBXBuildFile; fileRef = A3723AA027514C32001955F8 /* CameraViewController.swift */; };
		A3723AA327514C40001955F8 /* NotificationViewController.swift in Sources */ = {isa = PBXBuildFile; fileRef = A3723AA227514C40001955F8 /* NotificationViewController.swift */; };
		A3723AA527514C62001955F8 /* ProfileViewController.swift in Sources */ = {isa = PBXBuildFile; fileRef = A3723AA427514C62001955F8 /* ProfileViewController.swift */; };
		A3723AAA27514CB7001955F8 /* LoginViewController.swift in Sources */ = {isa = PBXBuildFile; fileRef = A3723AA927514CB7001955F8 /* LoginViewController.swift */; };
		A3723AAC27514CC3001955F8 /* RegistrationViewController.swift in Sources */ = {isa = PBXBuildFile; fileRef = A3723AAB27514CC3001955F8 /* RegistrationViewController.swift */; };
		A3723AAE27514CF7001955F8 /* PostViewController.swift in Sources */ = {isa = PBXBuildFile; fileRef = A3723AAD27514CF7001955F8 /* PostViewController.swift */; };
		A3723AB027514D0D001955F8 /* EditProileViewController.swift in Sources */ = {isa = PBXBuildFile; fileRef = A3723AAF27514D0D001955F8 /* EditProileViewController.swift */; };
		A3723AB227514D1A001955F8 /* SettingViewController.swift in Sources */ = {isa = PBXBuildFile; fileRef = A3723AB127514D1A001955F8 /* SettingViewController.swift */; };
		A3723AB427514D26001955F8 /* ListViewController.swift in Sources */ = {isa = PBXBuildFile; fileRef = A3723AB327514D26001955F8 /* ListViewController.swift */; };
		A3723AB627514D30001955F8 /* SearchViewController.swift in Sources */ = {isa = PBXBuildFile; fileRef = A3723AB527514D30001955F8 /* SearchViewController.swift */; };
		A3723AB827514D40001955F8 /* SearchResultViewController.swift in Sources */ = {isa = PBXBuildFile; fileRef = A3723AB727514D40001955F8 /* SearchResultViewController.swift */; };
		A3723ABA27514D61001955F8 /* PostEditorViewController.swift in Sources */ = {isa = PBXBuildFile; fileRef = A3723AB927514D61001955F8 /* PostEditorViewController.swift */; };
		A3723ABC27514D70001955F8 /* PublishPostViewController.swift in Sources */ = {isa = PBXBuildFile; fileRef = A3723ABB27514D70001955F8 /* PublishPostViewController.swift */; };
		A3723ABF27515750001955F8 /* DatabaseManager.swift in Sources */ = {isa = PBXBuildFile; fileRef = A3723ABE27515750001955F8 /* DatabaseManager.swift */; };
		A3723AC127515868001955F8 /* AuthManager.swift in Sources */ = {isa = PBXBuildFile; fileRef = A3723AC027515868001955F8 /* AuthManager.swift */; };
		A3723AC327515918001955F8 /* StorageManager.swift in Sources */ = {isa = PBXBuildFile; fileRef = A3723AC227515918001955F8 /* StorageManager.swift */; };
		A3A24067276BF67800D19650 /* noNotificationView.swift in Sources */ = {isa = PBXBuildFile; fileRef = A3A24066276BF67800D19650 /* noNotificationView.swift */; };
		A3A2406A276C136600D19650 /* NotificationsFollowTableViewCell.swift in Sources */ = {isa = PBXBuildFile; fileRef = A3A24069276C136600D19650 /* NotificationsFollowTableViewCell.swift */; };
		A3A2406C276C13B300D19650 /* NotificationsLikeTableViewCell.swift in Sources */ = {isa = PBXBuildFile; fileRef = A3A2406B276C13B300D19650 /* NotificationsLikeTableViewCell.swift */; };
		A3B3B2D8276B63B8001DCDA0 /* UserFollowTableViewCell.swift in Sources */ = {isa = PBXBuildFile; fileRef = A3B3B2D7276B63B8001DCDA0 /* UserFollowTableViewCell.swift */; };
		A3F371E3275C13900019E60F /* FormTableViewCell.swift in Sources */ = {isa = PBXBuildFile; fileRef = A3F371E2275C13900019E60F /* FormTableViewCell.swift */; };
		A3F63B3F275503F400D917D7 /* Extensions.swift in Sources */ = {isa = PBXBuildFile; fileRef = A3F63B3E275503F400D917D7 /* Extensions.swift */; };
		A3F63B4327550DFC00D917D7 /* GoogleService-Info.plist in Resources */ = {isa = PBXBuildFile; fileRef = A3F63B4227550DFC00D917D7 /* GoogleService-Info.plist */; };
/* End PBXBuildFile section */

/* Begin PBXFileReference section */
		473395B215B96B87804F263D /* Pods-ChillGram.debug.xcconfig */ = {isa = PBXFileReference; includeInIndex = 1; lastKnownFileType = text.xcconfig; name = "Pods-ChillGram.debug.xcconfig"; path = "Target Support Files/Pods-ChillGram/Pods-ChillGram.debug.xcconfig"; sourceTree = "<group>"; };
		53D0A8A2541AD4C0C4721F40 /* Pods-ChillGram.release.xcconfig */ = {isa = PBXFileReference; includeInIndex = 1; lastKnownFileType = text.xcconfig; name = "Pods-ChillGram.release.xcconfig"; path = "Target Support Files/Pods-ChillGram/Pods-ChillGram.release.xcconfig"; sourceTree = "<group>"; };
		A33041E427596C0D00C33A81 /* CGFeedPostsTableViewCell.swift */ = {isa = PBXFileReference; lastKnownFileType = sourcecode.swift; path = CGFeedPostsTableViewCell.swift; sourceTree = "<group>"; };
		A33041E727596EFA00C33A81 /* CGFeedPostHeaderTableViewCell.swift */ = {isa = PBXFileReference; lastKnownFileType = sourcecode.swift; path = CGFeedPostHeaderTableViewCell.swift; sourceTree = "<group>"; };
		A33041E927596F1500C33A81 /* CGFeedPostActionsTableViewCell.swift */ = {isa = PBXFileReference; lastKnownFileType = sourcecode.swift; path = CGFeedPostActionsTableViewCell.swift; sourceTree = "<group>"; };
		A33041EB27596F3100C33A81 /* CGFeedPostGeneralTableViewCell.swift */ = {isa = PBXFileReference; lastKnownFileType = sourcecode.swift; path = CGFeedPostGeneralTableViewCell.swift; sourceTree = "<group>"; };
		A35DDB6C275FF66F004F4B38 /* PhotosCollectionViewCell.swift */ = {isa = PBXFileReference; lastKnownFileType = sourcecode.swift; path = PhotosCollectionViewCell.swift; sourceTree = "<group>"; };
		A35DDB6E275FF6CD004F4B38 /* ProfileInfoHeader2CollectionReusableView.swift */ = {isa = PBXFileReference; lastKnownFileType = sourcecode.swift; path = ProfileInfoHeader2CollectionReusableView.swift; sourceTree = "<group>"; };
		A35DDB70275FF718004F4B38 /* ProfileTabsCollectionReusableView.swift */ = {isa = PBXFileReference; lastKnownFileType = sourcecode.swift; path = ProfileTabsCollectionReusableView.swift; sourceTree = "<group>"; };
		A35DDB7227617A05004F4B38 /* Models.swift */ = {isa = PBXFileReference; lastKnownFileType = sourcecode.swift; path = Models.swift; sourceTree = "<group>"; };
		A3723A802751413C001955F8 /* ChillGram.app */ = {isa = PBXFileReference; explicitFileType = wrapper.application; includeInIndex = 0; path = ChillGram.app; sourceTree = BUILT_PRODUCTS_DIR; };
		A3723A832751413C001955F8 /* AppDelegate.swift */ = {isa = PBXFileReference; lastKnownFileType = sourcecode.swift; path = AppDelegate.swift; sourceTree = "<group>"; };
		A3723A852751413C001955F8 /* SceneDelegate.swift */ = {isa = PBXFileReference; lastKnownFileType = sourcecode.swift; path = SceneDelegate.swift; sourceTree = "<group>"; };
		A3723A872751413C001955F8 /* HomeViewController.swift */ = {isa = PBXFileReference; lastKnownFileType = sourcecode.swift; path = HomeViewController.swift; sourceTree = "<group>"; };
		A3723A8A2751413C001955F8 /* Base */ = {isa = PBXFileReference; lastKnownFileType = file.storyboard; name = Base; path = Base.lproj/Main.storyboard; sourceTree = "<group>"; };
		A3723A8C2751413E001955F8 /* Assets.xcassets */ = {isa = PBXFileReference; lastKnownFileType = folder.assetcatalog; path = Assets.xcassets; sourceTree = "<group>"; };
		A3723A8F2751413E001955F8 /* Base */ = {isa = PBXFileReference; lastKnownFileType = file.storyboard; name = Base; path = Base.lproj/LaunchScreen.storyboard; sourceTree = "<group>"; };
		A3723A912751413E001955F8 /* Info.plist */ = {isa = PBXFileReference; lastKnownFileType = text.plist.xml; path = Info.plist; sourceTree = "<group>"; };
		A3723A9E27514C21001955F8 /* ExploreViewController.swift */ = {isa = PBXFileReference; lastKnownFileType = sourcecode.swift; path = ExploreViewController.swift; sourceTree = "<group>"; };
		A3723AA027514C32001955F8 /* CameraViewController.swift */ = {isa = PBXFileReference; lastKnownFileType = sourcecode.swift; path = CameraViewController.swift; sourceTree = "<group>"; };
		A3723AA227514C40001955F8 /* NotificationViewController.swift */ = {isa = PBXFileReference; lastKnownFileType = sourcecode.swift; path = NotificationViewController.swift; sourceTree = "<group>"; };
		A3723AA427514C62001955F8 /* ProfileViewController.swift */ = {isa = PBXFileReference; lastKnownFileType = sourcecode.swift; path = ProfileViewController.swift; sourceTree = "<group>"; };
		A3723AA927514CB7001955F8 /* LoginViewController.swift */ = {isa = PBXFileReference; lastKnownFileType = sourcecode.swift; path = LoginViewController.swift; sourceTree = "<group>"; };
		A3723AAB27514CC3001955F8 /* RegistrationViewController.swift */ = {isa = PBXFileReference; lastKnownFileType = sourcecode.swift; path = RegistrationViewController.swift; sourceTree = "<group>"; };
		A3723AAD27514CF7001955F8 /* PostViewController.swift */ = {isa = PBXFileReference; lastKnownFileType = sourcecode.swift; path = PostViewController.swift; sourceTree = "<group>"; };
		A3723AAF27514D0D001955F8 /* EditProileViewController.swift */ = {isa = PBXFileReference; lastKnownFileType = sourcecode.swift; path = EditProileViewController.swift; sourceTree = "<group>"; };
		A3723AB127514D1A001955F8 /* SettingViewController.swift */ = {isa = PBXFileReference; lastKnownFileType = sourcecode.swift; path = SettingViewController.swift; sourceTree = "<group>"; };
		A3723AB327514D26001955F8 /* ListViewController.swift */ = {isa = PBXFileReference; lastKnownFileType = sourcecode.swift; path = ListViewController.swift; sourceTree = "<group>"; };
		A3723AB527514D30001955F8 /* SearchViewController.swift */ = {isa = PBXFileReference; lastKnownFileType = sourcecode.swift; path = SearchViewController.swift; sourceTree = "<group>"; };
		A3723AB727514D40001955F8 /* SearchResultViewController.swift */ = {isa = PBXFileReference; lastKnownFileType = sourcecode.swift; path = SearchResultViewController.swift; sourceTree = "<group>"; };
		A3723AB927514D61001955F8 /* PostEditorViewController.swift */ = {isa = PBXFileReference; lastKnownFileType = sourcecode.swift; path = PostEditorViewController.swift; sourceTree = "<group>"; };
		A3723ABB27514D70001955F8 /* PublishPostViewController.swift */ = {isa = PBXFileReference; lastKnownFileType = sourcecode.swift; path = PublishPostViewController.swift; sourceTree = "<group>"; };
		A3723ABE27515750001955F8 /* DatabaseManager.swift */ = {isa = PBXFileReference; lastKnownFileType = sourcecode.swift; path = DatabaseManager.swift; sourceTree = "<group>"; };
		A3723AC027515868001955F8 /* AuthManager.swift */ = {isa = PBXFileReference; lastKnownFileType = sourcecode.swift; path = AuthManager.swift; sourceTree = "<group>"; };
		A3723AC227515918001955F8 /* StorageManager.swift */ = {isa = PBXFileReference; lastKnownFileType = sourcecode.swift; path = StorageManager.swift; sourceTree = "<group>"; };
		A3A24066276BF67800D19650 /* noNotificationView.swift */ = {isa = PBXFileReference; lastKnownFileType = sourcecode.swift; path = noNotificationView.swift; sourceTree = "<group>"; };
		A3A24069276C136600D19650 /* NotificationsFollowTableViewCell.swift */ = {isa = PBXFileReference; lastKnownFileType = sourcecode.swift; path = NotificationsFollowTableViewCell.swift; sourceTree = "<group>"; };
		A3A2406B276C13B300D19650 /* NotificationsLikeTableViewCell.swift */ = {isa = PBXFileReference; lastKnownFileType = sourcecode.swift; path = NotificationsLikeTableViewCell.swift; sourceTree = "<group>"; };
		A3B3B2D7276B63B8001DCDA0 /* UserFollowTableViewCell.swift */ = {isa = PBXFileReference; lastKnownFileType = sourcecode.swift; path = UserFollowTableViewCell.swift; sourceTree = "<group>"; };
		A3F371E2275C13900019E60F /* FormTableViewCell.swift */ = {isa = PBXFileReference; lastKnownFileType = sourcecode.swift; path = FormTableViewCell.swift; sourceTree = "<group>"; };
		A3F63B3E275503F400D917D7 /* Extensions.swift */ = {isa = PBXFileReference; lastKnownFileType = sourcecode.swift; path = Extensions.swift; sourceTree = "<group>"; };
		A3F63B4227550DFC00D917D7 /* GoogleService-Info.plist */ = {isa = PBXFileReference; fileEncoding = 4; lastKnownFileType = text.plist.xml; path = "GoogleService-Info.plist"; sourceTree = "<group>"; };
		C08A1A77CB85B97FF036B3DE /* Pods_ChillGram.framework */ = {isa = PBXFileReference; explicitFileType = wrapper.framework; includeInIndex = 0; path = Pods_ChillGram.framework; sourceTree = BUILT_PRODUCTS_DIR; };
/* End PBXFileReference section */

/* Begin PBXFrameworksBuildPhase section */
		A3723A7D2751413C001955F8 /* Frameworks */ = {
			isa = PBXFrameworksBuildPhase;
			buildActionMask = 2147483647;
			files = (
				795CCA406C9C272670F36A06 /* Pods_ChillGram.framework in Frameworks */,
			);
			runOnlyForDeploymentPostprocessing = 0;
		};
/* End PBXFrameworksBuildPhase section */

/* Begin PBXGroup section */
		351FD6F411A0EA1BF11F6EAC /* Frameworks */ = {
			isa = PBXGroup;
			children = (
				C08A1A77CB85B97FF036B3DE /* Pods_ChillGram.framework */,
			);
			name = Frameworks;
			sourceTree = "<group>";
		};
		A33041E127596B8400C33A81 /* Cells */ = {
			isa = PBXGroup;
			children = (
				A3A24068276C12FA00D19650 /* Notifications */,
				A33041E627596ED100C33A81 /* Post */,
				A3F371E2275C13900019E60F /* FormTableViewCell.swift */,
				A35DDB6C275FF66F004F4B38 /* PhotosCollectionViewCell.swift */,
				A3B3B2D7276B63B8001DCDA0 /* UserFollowTableViewCell.swift */,
			);
			path = Cells;
			sourceTree = "<group>";
		};
		A33041E627596ED100C33A81 /* Post */ = {
			isa = PBXGroup;
			children = (
				A33041E427596C0D00C33A81 /* CGFeedPostsTableViewCell.swift */,
				A33041E727596EFA00C33A81 /* CGFeedPostHeaderTableViewCell.swift */,
				A33041E927596F1500C33A81 /* CGFeedPostActionsTableViewCell.swift */,
				A33041EB27596F3100C33A81 /* CGFeedPostGeneralTableViewCell.swift */,
			);
			path = Post;
			sourceTree = "<group>";
		};
		A35DDB6B275FF5EC004F4B38 /* Collectionview Headers */ = {
			isa = PBXGroup;
			children = (
				A35DDB6E275FF6CD004F4B38 /* ProfileInfoHeader2CollectionReusableView.swift */,
				A35DDB70275FF718004F4B38 /* ProfileTabsCollectionReusableView.swift */,
			);
			path = "Collectionview Headers";
			sourceTree = "<group>";
		};
		A3723A772751413C001955F8 = {
			isa = PBXGroup;
			children = (
				A3723A822751413C001955F8 /* ChillGram */,
				A3723A812751413C001955F8 /* Products */,
				F3A05B559E5EF6397CD319A6 /* Pods */,
				351FD6F411A0EA1BF11F6EAC /* Frameworks */,
			);
			sourceTree = "<group>";
		};
		A3723A812751413C001955F8 /* Products */ = {
			isa = PBXGroup;
			children = (
				A3723A802751413C001955F8 /* ChillGram.app */,
			);
			name = Products;
			sourceTree = "<group>";
		};
		A3723A822751413C001955F8 /* ChillGram */ = {
			isa = PBXGroup;
			children = (
				A3723A9C27514B84001955F8 /* Res */,
				A3723A9B27514B7B001955F8 /* Models */,
				A3723A9A27514B72001955F8 /* Views */,
				A3723A9927514B66001955F8 /* Controllers */,
				A3723A912751413E001955F8 /* Info.plist */,
			);
			path = ChillGram;
			sourceTree = "<group>";
		};
		A3723A9927514B66001955F8 /* Controllers */ = {
			isa = PBXGroup;
			children = (
				A3723AA727514C93001955F8 /* Others */,
				A3723AA627514C69001955F8 /* CoreTabs */,
			);
			path = Controllers;
			sourceTree = "<group>";
		};
		A3723A9A27514B72001955F8 /* Views */ = {
			isa = PBXGroup;
			children = (
				A3A24066276BF67800D19650 /* noNotificationView.swift */,
				A35DDB6B275FF5EC004F4B38 /* Collectionview Headers */,
				A33041E127596B8400C33A81 /* Cells */,
				A3723A9D27514BD3001955F8 /* Storyboards */,
				A3723A8C2751413E001955F8 /* Assets.xcassets */,
			);
			path = Views;
			sourceTree = "<group>";
		};
		A3723A9B27514B7B001955F8 /* Models */ = {
			isa = PBXGroup;
			children = (
				A35DDB7227617A05004F4B38 /* Models.swift */,
			);
			path = Models;
			sourceTree = "<group>";
		};
		A3723A9C27514B84001955F8 /* Res */ = {
			isa = PBXGroup;
			children = (
				A3723A832751413C001955F8 /* AppDelegate.swift */,
				A3723A852751413C001955F8 /* SceneDelegate.swift */,
				A3723ABE27515750001955F8 /* DatabaseManager.swift */,
				A3F63B4227550DFC00D917D7 /* GoogleService-Info.plist */,
				A3723AC027515868001955F8 /* AuthManager.swift */,
				A3723AC227515918001955F8 /* StorageManager.swift */,
				A3F63B3E275503F400D917D7 /* Extensions.swift */,
			);
			path = Res;
			sourceTree = "<group>";
		};
		A3723A9D27514BD3001955F8 /* Storyboards */ = {
			isa = PBXGroup;
			children = (
				A3723A8E2751413E001955F8 /* LaunchScreen.storyboard */,
				A3723A892751413C001955F8 /* Main.storyboard */,
			);
			path = Storyboards;
			sourceTree = "<group>";
		};
		A3723AA627514C69001955F8 /* CoreTabs */ = {
			isa = PBXGroup;
			children = (
				A3723A872751413C001955F8 /* HomeViewController.swift */,
				A3723A9E27514C21001955F8 /* ExploreViewController.swift */,
				A3723AA027514C32001955F8 /* CameraViewController.swift */,
				A3723AA227514C40001955F8 /* NotificationViewController.swift */,
				A3723AA427514C62001955F8 /* ProfileViewController.swift */,
			);
			path = CoreTabs;
			sourceTree = "<group>";
		};
		A3723AA727514C93001955F8 /* Others */ = {
			isa = PBXGroup;
			children = (
				A3723AA827514C9E001955F8 /* OnBoarding */,
				A3723ABD27515643001955F8 /* General */,
			);
			path = Others;
			sourceTree = "<group>";
		};
		A3723AA827514C9E001955F8 /* OnBoarding */ = {
			isa = PBXGroup;
			children = (
				A3723AA927514CB7001955F8 /* LoginViewController.swift */,
				A3723AAB27514CC3001955F8 /* RegistrationViewController.swift */,
			);
			path = OnBoarding;
			sourceTree = "<group>";
		};
		A3723ABD27515643001955F8 /* General */ = {
			isa = PBXGroup;
			children = (
				A3723AB127514D1A001955F8 /* SettingViewController.swift */,
				A3723AAD27514CF7001955F8 /* PostViewController.swift */,
				A3723AAF27514D0D001955F8 /* EditProileViewController.swift */,
				A3723AB327514D26001955F8 /* ListViewController.swift */,
				A3723AB527514D30001955F8 /* SearchViewController.swift */,
				A3723AB727514D40001955F8 /* SearchResultViewController.swift */,
				A3723AB927514D61001955F8 /* PostEditorViewController.swift */,
				A3723ABB27514D70001955F8 /* PublishPostViewController.swift */,
			);
			path = General;
			sourceTree = "<group>";
		};
		A3A24068276C12FA00D19650 /* Notifications */ = {
			isa = PBXGroup;
			children = (
				A3A24069276C136600D19650 /* NotificationsFollowTableViewCell.swift */,
				A3A2406B276C13B300D19650 /* NotificationsLikeTableViewCell.swift */,
			);
			path = Notifications;
			sourceTree = "<group>";
		};
		F3A05B559E5EF6397CD319A6 /* Pods */ = {
			isa = PBXGroup;
			children = (
				473395B215B96B87804F263D /* Pods-ChillGram.debug.xcconfig */,
				53D0A8A2541AD4C0C4721F40 /* Pods-ChillGram.release.xcconfig */,
			);
			path = Pods;
			sourceTree = "<group>";
		};
/* End PBXGroup section */

/* Begin PBXNativeTarget section */
		A3723A7F2751413C001955F8 /* ChillGram */ = {
			isa = PBXNativeTarget;
			buildConfigurationList = A3723A942751413E001955F8 /* Build configuration list for PBXNativeTarget "ChillGram" */;
			buildPhases = (
				D63B031D88A06CB8446C54FF /* [CP] Check Pods Manifest.lock */,
				A3723A7C2751413C001955F8 /* Sources */,
				A3723A7D2751413C001955F8 /* Frameworks */,
				A3723A7E2751413C001955F8 /* Resources */,
				F3A501361391FF551867697A /* [CP] Embed Pods Frameworks */,
			);
			buildRules = (
			);
			dependencies = (
			);
			name = ChillGram;
			productName = ChillGram;
			productReference = A3723A802751413C001955F8 /* ChillGram.app */;
			productType = "com.apple.product-type.application";
		};
/* End PBXNativeTarget section */

/* Begin PBXProject section */
		A3723A782751413C001955F8 /* Project object */ = {
			isa = PBXProject;
			attributes = {
				BuildIndependentTargetsInParallel = 1;
				LastSwiftUpdateCheck = 1310;
				LastUpgradeCheck = 1310;
				TargetAttributes = {
					A3723A7F2751413C001955F8 = {
						CreatedOnToolsVersion = 13.1;
					};
				};
			};
			buildConfigurationList = A3723A7B2751413C001955F8 /* Build configuration list for PBXProject "ChillGram" */;
			compatibilityVersion = "Xcode 13.0";
			developmentRegion = en;
			hasScannedForEncodings = 0;
			knownRegions = (
				en,
				Base,
			);
			mainGroup = A3723A772751413C001955F8;
			productRefGroup = A3723A812751413C001955F8 /* Products */;
			projectDirPath = "";
			projectRoot = "";
			targets = (
				A3723A7F2751413C001955F8 /* ChillGram */,
			);
		};
/* End PBXProject section */

/* Begin PBXResourcesBuildPhase section */
		A3723A7E2751413C001955F8 /* Resources */ = {
			isa = PBXResourcesBuildPhase;
			buildActionMask = 2147483647;
			files = (
				A3723A902751413E001955F8 /* LaunchScreen.storyboard in Resources */,
				A3F63B4327550DFC00D917D7 /* GoogleService-Info.plist in Resources */,
				A3723A8D2751413E001955F8 /* Assets.xcassets in Resources */,
				A3723A8B2751413C001955F8 /* Main.storyboard in Resources */,
			);
			runOnlyForDeploymentPostprocessing = 0;
		};
/* End PBXResourcesBuildPhase section */

/* Begin PBXShellScriptBuildPhase section */
		D63B031D88A06CB8446C54FF /* [CP] Check Pods Manifest.lock */ = {
			isa = PBXShellScriptBuildPhase;
			buildActionMask = 2147483647;
			files = (
			);
			inputFileListPaths = (
			);
			inputPaths = (
				"${PODS_PODFILE_DIR_PATH}/Podfile.lock",
				"${PODS_ROOT}/Manifest.lock",
			);
			name = "[CP] Check Pods Manifest.lock";
			outputFileListPaths = (
			);
			outputPaths = (
				"$(DERIVED_FILE_DIR)/Pods-ChillGram-checkManifestLockResult.txt",
			);
			runOnlyForDeploymentPostprocessing = 0;
			shellPath = /bin/sh;
			shellScript = "diff \"${PODS_PODFILE_DIR_PATH}/Podfile.lock\" \"${PODS_ROOT}/Manifest.lock\" > /dev/null\nif [ $? != 0 ] ; then\n    # print error to STDERR\n    echo \"error: The sandbox is not in sync with the Podfile.lock. Run 'pod install' or update your CocoaPods installation.\" >&2\n    exit 1\nfi\n# This output is used by Xcode 'outputs' to avoid re-running this script phase.\necho \"SUCCESS\" > \"${SCRIPT_OUTPUT_FILE_0}\"\n";
			showEnvVarsInLog = 0;
		};
		F3A501361391FF551867697A /* [CP] Embed Pods Frameworks */ = {
			isa = PBXShellScriptBuildPhase;
			buildActionMask = 2147483647;
			files = (
			);
			inputFileListPaths = (
				"${PODS_ROOT}/Target Support Files/Pods-ChillGram/Pods-ChillGram-frameworks-${CONFIGURATION}-input-files.xcfilelist",
			);
			name = "[CP] Embed Pods Frameworks";
			outputFileListPaths = (
				"${PODS_ROOT}/Target Support Files/Pods-ChillGram/Pods-ChillGram-frameworks-${CONFIGURATION}-output-files.xcfilelist",
			);
			runOnlyForDeploymentPostprocessing = 0;
			shellPath = /bin/sh;
			shellScript = "\"${PODS_ROOT}/Target Support Files/Pods-ChillGram/Pods-ChillGram-frameworks.sh\"\n";
			showEnvVarsInLog = 0;
		};
/* End PBXShellScriptBuildPhase section */

/* Begin PBXSourcesBuildPhase section */
		A3723A7C2751413C001955F8 /* Sources */ = {
			isa = PBXSourcesBuildPhase;
			buildActionMask = 2147483647;
			files = (
				A3723A9F27514C21001955F8 /* ExploreViewController.swift in Sources */,
				A3723AA127514C32001955F8 /* CameraViewController.swift in Sources */,
				A35DDB6D275FF66F004F4B38 /* PhotosCollectionViewCell.swift in Sources */,
				A3723ABC27514D70001955F8 /* PublishPostViewController.swift in Sources */,
				A3723AA327514C40001955F8 /* NotificationViewController.swift in Sources */,
				A3723AAC27514CC3001955F8 /* RegistrationViewController.swift in Sources */,
				A3723AB027514D0D001955F8 /* EditProileViewController.swift in Sources */,
				A3723ABA27514D61001955F8 /* PostEditorViewController.swift in Sources */,
				A33041EC27596F3100C33A81 /* CGFeedPostGeneralTableViewCell.swift in Sources */,
				A35DDB7327617A05004F4B38 /* Models.swift in Sources */,
				A33041EA27596F1500C33A81 /* CGFeedPostActionsTableViewCell.swift in Sources */,
				A3F371E3275C13900019E60F /* FormTableViewCell.swift in Sources */,
				A35DDB71275FF718004F4B38 /* ProfileTabsCollectionReusableView.swift in Sources */,
				A3723AC327515918001955F8 /* StorageManager.swift in Sources */,
				A3723AAE27514CF7001955F8 /* PostViewController.swift in Sources */,
				A3B3B2D8276B63B8001DCDA0 /* UserFollowTableViewCell.swift in Sources */,
				A33041E527596C0D00C33A81 /* CGFeedPostsTableViewCell.swift in Sources */,
				A3723ABF27515750001955F8 /* DatabaseManager.swift in Sources */,
				A3A24067276BF67800D19650 /* noNotificationView.swift in Sources */,
				A3723A882751413C001955F8 /* HomeViewController.swift in Sources */,
				A3723AB827514D40001955F8 /* SearchResultViewController.swift in Sources */,
				A3723AAA27514CB7001955F8 /* LoginViewController.swift in Sources */,
				A3F63B3F275503F400D917D7 /* Extensions.swift in Sources */,
				A3723AB627514D30001955F8 /* SearchViewController.swift in Sources */,
				A35DDB6F275FF6CD004F4B38 /* ProfileInfoHeader2CollectionReusableView.swift in Sources */,
				A3A2406A276C136600D19650 /* NotificationsFollowTableViewCell.swift in Sources */,
				A3723AA527514C62001955F8 /* ProfileViewController.swift in Sources */,
				A3723AC127515868001955F8 /* AuthManager.swift in Sources */,
				A3723A842751413C001955F8 /* AppDelegate.swift in Sources */,
				A3723A862751413C001955F8 /* SceneDelegate.swift in Sources */,
				A33041E827596EFA00C33A81 /* CGFeedPostHeaderTableViewCell.swift in Sources */,
				A3A2406C276C13B300D19650 /* NotificationsLikeTableViewCell.swift in Sources */,
				A3723AB427514D26001955F8 /* ListViewController.swift in Sources */,
				A3723AB227514D1A001955F8 /* SettingViewController.swift in Sources */,
			);
			runOnlyForDeploymentPostprocessing = 0;
		};
/* End PBXSourcesBuildPhase section */

/* Begin PBXVariantGroup section */
		A3723A892751413C001955F8 /* Main.storyboard */ = {
			isa = PBXVariantGroup;
			children = (
				A3723A8A2751413C001955F8 /* Base */,
			);
			name = Main.storyboard;
			sourceTree = "<group>";
		};
		A3723A8E2751413E001955F8 /* LaunchScreen.storyboard */ = {
			isa = PBXVariantGroup;
			children = (
				A3723A8F2751413E001955F8 /* Base */,
			);
			name = LaunchScreen.storyboard;
			sourceTree = "<group>";
		};
/* End PBXVariantGroup section */

/* Begin XCBuildConfiguration section */
		A3723A922751413E001955F8 /* Debug */ = {
			isa = XCBuildConfiguration;
			buildSettings = {
				ALWAYS_SEARCH_USER_PATHS = NO;
				CLANG_ANALYZER_NONNULL = YES;
				CLANG_ANALYZER_NUMBER_OBJECT_CONVERSION = YES_AGGRESSIVE;
				CLANG_CXX_LANGUAGE_STANDARD = "gnu++17";
				CLANG_CXX_LIBRARY = "libc++";
				CLANG_ENABLE_MODULES = YES;
				CLANG_ENABLE_OBJC_ARC = YES;
				CLANG_ENABLE_OBJC_WEAK = YES;
				CLANG_WARN_BLOCK_CAPTURE_AUTORELEASING = YES;
				CLANG_WARN_BOOL_CONVERSION = YES;
				CLANG_WARN_COMMA = YES;
				CLANG_WARN_CONSTANT_CONVERSION = YES;
				CLANG_WARN_DEPRECATED_OBJC_IMPLEMENTATIONS = YES;
				CLANG_WARN_DIRECT_OBJC_ISA_USAGE = YES_ERROR;
				CLANG_WARN_DOCUMENTATION_COMMENTS = YES;
				CLANG_WARN_EMPTY_BODY = YES;
				CLANG_WARN_ENUM_CONVERSION = YES;
				CLANG_WARN_INFINITE_RECURSION = YES;
				CLANG_WARN_INT_CONVERSION = YES;
				CLANG_WARN_NON_LITERAL_NULL_CONVERSION = YES;
				CLANG_WARN_OBJC_IMPLICIT_RETAIN_SELF = YES;
				CLANG_WARN_OBJC_LITERAL_CONVERSION = YES;
				CLANG_WARN_OBJC_ROOT_CLASS = YES_ERROR;
				CLANG_WARN_QUOTED_INCLUDE_IN_FRAMEWORK_HEADER = YES;
				CLANG_WARN_RANGE_LOOP_ANALYSIS = YES;
				CLANG_WARN_STRICT_PROTOTYPES = YES;
				CLANG_WARN_SUSPICIOUS_MOVE = YES;
				CLANG_WARN_UNGUARDED_AVAILABILITY = YES_AGGRESSIVE;
				CLANG_WARN_UNREACHABLE_CODE = YES;
				CLANG_WARN__DUPLICATE_METHOD_MATCH = YES;
				COPY_PHASE_STRIP = NO;
				DEBUG_INFORMATION_FORMAT = dwarf;
				ENABLE_STRICT_OBJC_MSGSEND = YES;
				ENABLE_TESTABILITY = YES;
				GCC_C_LANGUAGE_STANDARD = gnu11;
				GCC_DYNAMIC_NO_PIC = NO;
				GCC_NO_COMMON_BLOCKS = YES;
				GCC_OPTIMIZATION_LEVEL = 0;
				GCC_PREPROCESSOR_DEFINITIONS = (
					"DEBUG=1",
					"$(inherited)",
				);
				GCC_WARN_64_TO_32_BIT_CONVERSION = YES;
				GCC_WARN_ABOUT_RETURN_TYPE = YES_ERROR;
				GCC_WARN_UNDECLARED_SELECTOR = YES;
				GCC_WARN_UNINITIALIZED_AUTOS = YES_AGGRESSIVE;
				GCC_WARN_UNUSED_FUNCTION = YES;
				GCC_WARN_UNUSED_VARIABLE = YES;
				IPHONEOS_DEPLOYMENT_TARGET = 15.0;
				MTL_ENABLE_DEBUG_INFO = INCLUDE_SOURCE;
				MTL_FAST_MATH = YES;
				ONLY_ACTIVE_ARCH = YES;
				SDKROOT = iphoneos;
				SWIFT_ACTIVE_COMPILATION_CONDITIONS = DEBUG;
				SWIFT_OPTIMIZATION_LEVEL = "-Onone";
			};
			name = Debug;
		};
		A3723A932751413E001955F8 /* Release */ = {
			isa = XCBuildConfiguration;
			buildSettings = {
				ALWAYS_SEARCH_USER_PATHS = NO;
				CLANG_ANALYZER_NONNULL = YES;
				CLANG_ANALYZER_NUMBER_OBJECT_CONVERSION = YES_AGGRESSIVE;
				CLANG_CXX_LANGUAGE_STANDARD = "gnu++17";
				CLANG_CXX_LIBRARY = "libc++";
				CLANG_ENABLE_MODULES = YES;
				CLANG_ENABLE_OBJC_ARC = YES;
				CLANG_ENABLE_OBJC_WEAK = YES;
				CLANG_WARN_BLOCK_CAPTURE_AUTORELEASING = YES;
				CLANG_WARN_BOOL_CONVERSION = YES;
				CLANG_WARN_COMMA = YES;
				CLANG_WARN_CONSTANT_CONVERSION = YES;
				CLANG_WARN_DEPRECATED_OBJC_IMPLEMENTATIONS = YES;
				CLANG_WARN_DIRECT_OBJC_ISA_USAGE = YES_ERROR;
				CLANG_WARN_DOCUMENTATION_COMMENTS = YES;
				CLANG_WARN_EMPTY_BODY = YES;
				CLANG_WARN_ENUM_CONVERSION = YES;
				CLANG_WARN_INFINITE_RECURSION = YES;
				CLANG_WARN_INT_CONVERSION = YES;
				CLANG_WARN_NON_LITERAL_NULL_CONVERSION = YES;
				CLANG_WARN_OBJC_IMPLICIT_RETAIN_SELF = YES;
				CLANG_WARN_OBJC_LITERAL_CONVERSION = YES;
				CLANG_WARN_OBJC_ROOT_CLASS = YES_ERROR;
				CLANG_WARN_QUOTED_INCLUDE_IN_FRAMEWORK_HEADER = YES;
				CLANG_WARN_RANGE_LOOP_ANALYSIS = YES;
				CLANG_WARN_STRICT_PROTOTYPES = YES;
				CLANG_WARN_SUSPICIOUS_MOVE = YES;
				CLANG_WARN_UNGUARDED_AVAILABILITY = YES_AGGRESSIVE;
				CLANG_WARN_UNREACHABLE_CODE = YES;
				CLANG_WARN__DUPLICATE_METHOD_MATCH = YES;
				COPY_PHASE_STRIP = NO;
				DEBUG_INFORMATION_FORMAT = "dwarf-with-dsym";
				ENABLE_NS_ASSERTIONS = NO;
				ENABLE_STRICT_OBJC_MSGSEND = YES;
				GCC_C_LANGUAGE_STANDARD = gnu11;
				GCC_NO_COMMON_BLOCKS = YES;
				GCC_WARN_64_TO_32_BIT_CONVERSION = YES;
				GCC_WARN_ABOUT_RETURN_TYPE = YES_ERROR;
				GCC_WARN_UNDECLARED_SELECTOR = YES;
				GCC_WARN_UNINITIALIZED_AUTOS = YES_AGGRESSIVE;
				GCC_WARN_UNUSED_FUNCTION = YES;
				GCC_WARN_UNUSED_VARIABLE = YES;
				IPHONEOS_DEPLOYMENT_TARGET = 15.0;
				MTL_ENABLE_DEBUG_INFO = NO;
				MTL_FAST_MATH = YES;
				SDKROOT = iphoneos;
				SWIFT_COMPILATION_MODE = wholemodule;
				SWIFT_OPTIMIZATION_LEVEL = "-O";
				VALIDATE_PRODUCT = YES;
			};
			name = Release;
		};
		A3723A952751413E001955F8 /* Debug */ = {
			isa = XCBuildConfiguration;
			baseConfigurationReference = 473395B215B96B87804F263D /* Pods-ChillGram.debug.xcconfig */;
			buildSettings = {
				ASSETCATALOG_COMPILER_APPICON_NAME = AppIcon;
				ASSETCATALOG_COMPILER_GLOBAL_ACCENT_COLOR_NAME = AccentColor;
				CODE_SIGN_STYLE = Automatic;
				CURRENT_PROJECT_VERSION = 1;
				GENERATE_INFOPLIST_FILE = YES;
				INFOPLIST_FILE = ChillGram/Info.plist;
				INFOPLIST_KEY_UIApplicationSupportsIndirectInputEvents = YES;
				INFOPLIST_KEY_UILaunchStoryboardName = LaunchScreen;
				INFOPLIST_KEY_UIMainStoryboardFile = Main;
				INFOPLIST_KEY_UISupportedInterfaceOrientations = UIInterfaceOrientationPortrait;
				INFOPLIST_KEY_UISupportedInterfaceOrientations_iPad = "UIInterfaceOrientationPortrait UIInterfaceOrientationPortraitUpsideDown UIInterfaceOrientationLandscapeLeft UIInterfaceOrientationLandscapeRight";
				INFOPLIST_KEY_UISupportedInterfaceOrientations_iPhone = "UIInterfaceOrientationPortrait UIInterfaceOrientationLandscapeLeft UIInterfaceOrientationLandscapeRight";
				IPHONEOS_DEPLOYMENT_TARGET = 15.0;
				LD_RUNPATH_SEARCH_PATHS = (
					"$(inherited)",
					"@executable_path/Frameworks",
				);
				MARKETING_VERSION = 1.0;
				PRODUCT_BUNDLE_IDENTIFIER = Jo.ChillGram;
				PRODUCT_NAME = "$(TARGET_NAME)";
				SWIFT_EMIT_LOC_STRINGS = YES;
				SWIFT_VERSION = 5.0;
				TARGETED_DEVICE_FAMILY = 1;
			};
			name = Debug;
		};
		A3723A962751413E001955F8 /* Release */ = {
			isa = XCBuildConfiguration;
			baseConfigurationReference = 53D0A8A2541AD4C0C4721F40 /* Pods-ChillGram.release.xcconfig */;
			buildSettings = {
				ASSETCATALOG_COMPILER_APPICON_NAME = AppIcon;
				ASSETCATALOG_COMPILER_GLOBAL_ACCENT_COLOR_NAME = AccentColor;
				CODE_SIGN_STYLE = Automatic;
				CURRENT_PROJECT_VERSION = 1;
				GENERATE_INFOPLIST_FILE = YES;
				INFOPLIST_FILE = ChillGram/Info.plist;
				INFOPLIST_KEY_UIApplicationSupportsIndirectInputEvents = YES;
				INFOPLIST_KEY_UILaunchStoryboardName = LaunchScreen;
				INFOPLIST_KEY_UIMainStoryboardFile = Main;
				INFOPLIST_KEY_UISupportedInterfaceOrientations = UIInterfaceOrientationPortrait;
				INFOPLIST_KEY_UISupportedInterfaceOrientations_iPad = "UIInterfaceOrientationPortrait UIInterfaceOrientationPortraitUpsideDown UIInterfaceOrientationLandscapeLeft UIInterfaceOrientationLandscapeRight";
				INFOPLIST_KEY_UISupportedInterfaceOrientations_iPhone = "UIInterfaceOrientationPortrait UIInterfaceOrientationLandscapeLeft UIInterfaceOrientationLandscapeRight";
				IPHONEOS_DEPLOYMENT_TARGET = 15.0;
				LD_RUNPATH_SEARCH_PATHS = (
					"$(inherited)",
					"@executable_path/Frameworks",
				);
				MARKETING_VERSION = 1.0;
				PRODUCT_BUNDLE_IDENTIFIER = Jo.ChillGram;
				PRODUCT_NAME = "$(TARGET_NAME)";
				SWIFT_EMIT_LOC_STRINGS = YES;
				SWIFT_VERSION = 5.0;
				TARGETED_DEVICE_FAMILY = 1;
			};
			name = Release;
		};
/* End XCBuildConfiguration section */

/* Begin XCConfigurationList section */
		A3723A7B2751413C001955F8 /* Build configuration list for PBXProject "ChillGram" */ = {
			isa = XCConfigurationList;
			buildConfigurations = (
				A3723A922751413E001955F8 /* Debug */,
				A3723A932751413E001955F8 /* Release */,
			);
			defaultConfigurationIsVisible = 0;
			defaultConfigurationName = Release;
		};
		A3723A942751413E001955F8 /* Build configuration list for PBXNativeTarget "ChillGram" */ = {
			isa = XCConfigurationList;
			buildConfigurations = (
				A3723A952751413E001955F8 /* Debug */,
				A3723A962751413E001955F8 /* Release */,
			);
			defaultConfigurationIsVisible = 0;
			defaultConfigurationName = Release;
		};
/* End XCConfigurationList section */
	};
	rootObject = A3723A782751413C001955F8 /* Project object */;
}
